
Microsoft Visual Studio Solution File, Format Version 12.00
# Visual Studio Version 17
VisualStudioVersion = 17.3.32811.315
MinimumVisualStudioVersion = 10.0.40219.1
Project("{8BC9CEB8-8B4A-11D0-8D11-00A0C91BC942}") = "oop_virtual_files", "oop_virtual_files\oop_virtual_files.vcxproj", "{C1EB14C2-0AFB-4D50-8AEB-77A707AF2FBE}"
EndProject
Global
	GlobalSection(SolutionConfigurationPlatforms) = preSolution
		Debug|x64 = Debug|x64
		Debug|x86 = Debug|x86
		Release|x64 = Release|x64
		Release|x86 = Release|x86
	EndGlobalSection
	GlobalSection(ProjectConfigurationPlatforms) = postSolution
		{C1EB14C2-0AFB-4D50-8AEB-77A707AF2FBE}.Debug|x64.ActiveCfg = Debug|x64
		{C1EB14C2-0AFB-4D50-8AEB-77A707AF2FBE}.Debug|x64.Build.0 = Debug|x64
		{C1EB14C2-0AFB-4D50-8AEB-77A707AF2FBE}.Debug|x86.ActiveCfg = Debug|Win32
		{C1EB14C2-0AFB-4D50-8AEB-77A707AF2FBE}.Debug|x86.Build.0 = Debug|Win32
		{C1EB14C2-0AFB-4D50-8AEB-77A707AF2FBE}.Release|x64.ActiveCfg = Release|x64
		{C1EB14C2-0AFB-4D50-8AEB-77A707AF2FBE}.Release|x64.Build.0 = Release|x64
		{C1EB14C2-0AFB-4D50-8AEB-77A707AF2FBE}.Release|x86.ActiveCfg = Release|Win32
		{C1EB14C2-0AFB-4D50-8AEB-77A707AF2FBE}.Release|x86.Build.0 = Release|Win32
	EndGlobalSection
	GlobalSection(SolutionProperties) = preSolution
		HideSolutionNode = FALSE
	EndGlobalSection
	GlobalSection(ExtensibilityGlobals) = postSolution
		SolutionGuid = {916FD3F9-754E-4034-A294-0C8CFAA8CE4F}
	EndGlobalSection
EndGlobal
