
Microsoft Visual Studio Solution File, Format Version 12.00
# Visual Studio Version 17
VisualStudioVersion = 17.3.32811.315
MinimumVisualStudioVersion = 10.0.40219.1
Project("{8BC9CEB8-8B4A-11D0-8D11-00A0C91BC942}") = "struct_homework", "struct_homework\struct_homework.vcxproj", "{0C412E30-0B39-48B5-9E30-B9354E9268BD}"
EndProject
Global
	GlobalSection(SolutionConfigurationPlatforms) = preSolution
		Debug|x64 = Debug|x64
		Debug|x86 = Debug|x86
		Release|x64 = Release|x64
		Release|x86 = Release|x86
	EndGlobalSection
	GlobalSection(ProjectConfigurationPlatforms) = postSolution
		{0C412E30-0B39-48B5-9E30-B9354E9268BD}.Debug|x64.ActiveCfg = Debug|x64
		{0C412E30-0B39-48B5-9E30-B9354E9268BD}.Debug|x64.Build.0 = Debug|x64
		{0C412E30-0B39-48B5-9E30-B9354E9268BD}.Debug|x86.ActiveCfg = Debug|Win32
		{0C412E30-0B39-48B5-9E30-B9354E9268BD}.Debug|x86.Build.0 = Debug|Win32
		{0C412E30-0B39-48B5-9E30-B9354E9268BD}.Release|x64.ActiveCfg = Release|x64
		{0C412E30-0B39-48B5-9E30-B9354E9268BD}.Release|x64.Build.0 = Release|x64
		{0C412E30-0B39-48B5-9E30-B9354E9268BD}.Release|x86.ActiveCfg = Release|Win32
		{0C412E30-0B39-48B5-9E30-B9354E9268BD}.Release|x86.Build.0 = Release|Win32
	EndGlobalSection
	GlobalSection(SolutionProperties) = preSolution
		HideSolutionNode = FALSE
	EndGlobalSection
	GlobalSection(ExtensibilityGlobals) = postSolution
		SolutionGuid = {F6DF209D-4827-4DF0-B215-19E281315F17}
	EndGlobalSection
EndGlobal
